// !$*UTF8*$!
{
	archiveVersion = 1;
	classes = {
	};
	objectVersion = 50;
	objects = {

/* Begin PBXBuildFile section */
		3F7035292671FD9C0004DEF5 /* UserModel.swift in Sources */ = {isa = PBXBuildFile; fileRef = 3F7035282671FD9C0004DEF5 /* UserModel.swift */; };
		3F70352C2671FDD30004DEF5 /* LoginResponseModel.swift in Sources */ = {isa = PBXBuildFile; fileRef = 3F70352B2671FDD30004DEF5 /* LoginResponseModel.swift */; };
		3F70352F26721B760004DEF5 /* UserLoaderService.swift in Sources */ = {isa = PBXBuildFile; fileRef = 3F70352E26721B760004DEF5 /* UserLoaderService.swift */; };
		3F703532267221F10004DEF5 /* UserRegisterService.swift in Sources */ = {isa = PBXBuildFile; fileRef = 3F703531267221F10004DEF5 /* UserRegisterService.swift */; };
		3F703536267223CA0004DEF5 /* PhpResponseModel.swift in Sources */ = {isa = PBXBuildFile; fileRef = 3F703535267223CA0004DEF5 /* PhpResponseModel.swift */; };
		3F703539267244B90004DEF5 /* FixtureModel.swift in Sources */ = {isa = PBXBuildFile; fileRef = 3F703538267244B90004DEF5 /* FixtureModel.swift */; };
		3F70353C267245DB0004DEF5 /* FixtureLoaderService.swift in Sources */ = {isa = PBXBuildFile; fileRef = 3F70353B267245DB0004DEF5 /* FixtureLoaderService.swift */; };
		3F70353F267251290004DEF5 /* FixtureAddingService.swift in Sources */ = {isa = PBXBuildFile; fileRef = 3F70353E267251290004DEF5 /* FixtureAddingService.swift */; };
		3F70354326725CEB0004DEF5 /* ImageLoaderService.swift in Sources */ = {isa = PBXBuildFile; fileRef = 3F70354226725CEB0004DEF5 /* ImageLoaderService.swift */; };
		3F70354726725FB40004DEF5 /* RowViewModel.swift in Sources */ = {isa = PBXBuildFile; fileRef = 3F70354626725FB40004DEF5 /* RowViewModel.swift */; };
		3F70354B267262D30004DEF5 /* RowView.swift in Sources */ = {isa = PBXBuildFile; fileRef = 3F70354A267262D30004DEF5 /* RowView.swift */; };
		3F70355226726A830004DEF5 /* LoginViewModel.swift in Sources */ = {isa = PBXBuildFile; fileRef = 3F70355126726A830004DEF5 /* LoginViewModel.swift */; };
		3F70355526726F610004DEF5 /* LoginView.swift in Sources */ = {isa = PBXBuildFile; fileRef = 3F70355426726F610004DEF5 /* LoginView.swift */; };
		3F70355826726FF90004DEF5 /* RegisterView.swift in Sources */ = {isa = PBXBuildFile; fileRef = 3F70355726726FF90004DEF5 /* RegisterView.swift */; };
		3F70355B267270730004DEF5 /* MainTabView.swift in Sources */ = {isa = PBXBuildFile; fileRef = 3F70355A267270730004DEF5 /* MainTabView.swift */; };
		3F70355E267287C40004DEF5 /* RegisterViewModel.swift in Sources */ = {isa = PBXBuildFile; fileRef = 3F70355D267287C40004DEF5 /* RegisterViewModel.swift */; };
		3F703561267297090004DEF5 /* ListSearchView.swift in Sources */ = {isa = PBXBuildFile; fileRef = 3F703560267297090004DEF5 /* ListSearchView.swift */; };
		3F703564267297180004DEF5 /* FavouritesView.swift in Sources */ = {isa = PBXBuildFile; fileRef = 3F703563267297180004DEF5 /* FavouritesView.swift */; };
		3F7035672672972E0004DEF5 /* AddView.swift in Sources */ = {isa = PBXBuildFile; fileRef = 3F7035662672972E0004DEF5 /* AddView.swift */; };
		3F70356A267298A60004DEF5 /* TabViewModel.swift in Sources */ = {isa = PBXBuildFile; fileRef = 3F703569267298A60004DEF5 /* TabViewModel.swift */; };
		3FA9B43F26734F3C000A3233 /* Repository.swift in Sources */ = {isa = PBXBuildFile; fileRef = 3FA9B43E26734F3C000A3233 /* Repository.swift */; };
		3FA9B44226735056000A3233 /* ListSearchViewModel.swift in Sources */ = {isa = PBXBuildFile; fileRef = 3FA9B44126735056000A3233 /* ListSearchViewModel.swift */; };
		3FAF78152673603200666059 /* DetailView.swift in Sources */ = {isa = PBXBuildFile; fileRef = 3FAF78142673603200666059 /* DetailView.swift */; };
		3FAF781C26738AA100666059 /* DetailViewModel.swift in Sources */ = {isa = PBXBuildFile; fileRef = 3FAF781B26738AA100666059 /* DetailViewModel.swift */; };
		3FAF781F26738F5E00666059 /* AddViewModel.swift in Sources */ = {isa = PBXBuildFile; fileRef = 3FAF781E26738F5E00666059 /* AddViewModel.swift */; };
		3FAF78222673C11400666059 /* StorageLoader.swift in Sources */ = {isa = PBXBuildFile; fileRef = 3FAF78212673C11400666059 /* StorageLoader.swift */; };
		3FAF78252673C2AE00666059 /* FavouritesViewModel.swift in Sources */ = {isa = PBXBuildFile; fileRef = 3FAF78242673C2AE00666059 /* FavouritesViewModel.swift */; };
		3FAF78282673CFEB00666059 /* RowViewFavourites.swift in Sources */ = {isa = PBXBuildFile; fileRef = 3FAF78272673CFEB00666059 /* RowViewFavourites.swift */; };
		3FBE1D9C2671492B003AF4D3 /* FindMyFixtureApp.swift in Sources */ = {isa = PBXBuildFile; fileRef = 3FBE1D9B2671492B003AF4D3 /* FindMyFixtureApp.swift */; };
		3FBE1D9E2671492B003AF4D3 /* ContentView.swift in Sources */ = {isa = PBXBuildFile; fileRef = 3FBE1D9D2671492B003AF4D3 /* ContentView.swift */; };
		3FBE1DA02671492C003AF4D3 /* Assets.xcassets in Resources */ = {isa = PBXBuildFile; fileRef = 3FBE1D9F2671492C003AF4D3 /* Assets.xcassets */; };
		3FBE1DA32671492C003AF4D3 /* Preview Assets.xcassets in Resources */ = {isa = PBXBuildFile; fileRef = 3FBE1DA22671492C003AF4D3 /* Preview Assets.xcassets */; };
		3FBE1DAD267155D8003AF4D3 /* LoginService.swift in Sources */ = {isa = PBXBuildFile; fileRef = 3FBE1DAC267155D8003AF4D3 /* LoginService.swift */; };
		9E78D1D427B286020077AB05 /* RepositoryProtocol.swift in Sources */ = {isa = PBXBuildFile; fileRef = 9E78D1D327B286020077AB05 /* RepositoryProtocol.swift */; };
		9E78D1D627B28C360077AB05 /* NetworkResponseModel.swift in Sources */ = {isa = PBXBuildFile; fileRef = 9E78D1D527B28C360077AB05 /* NetworkResponseModel.swift */; };
		9E78D1E527B29EF90077AB05 /* FmfUrlPaths.swift in Sources */ = {isa = PBXBuildFile; fileRef = 9E78D1E427B29EF90077AB05 /* FmfUrlPaths.swift */; };
		9E78D1E727B2A8A10077AB05 /* URLHost.swift in Sources */ = {isa = PBXBuildFile; fileRef = 9E78D1E627B2A8A10077AB05 /* URLHost.swift */; };
		9E78D1E927B2A8BD0077AB05 /* NetworkConstants.swift in Sources */ = {isa = PBXBuildFile; fileRef = 9E78D1E827B2A8BD0077AB05 /* NetworkConstants.swift */; };
		9E78D1EB27B2B3DD0077AB05 /* RequestDataKeys.swift in Sources */ = {isa = PBXBuildFile; fileRef = 9E78D1EA27B2B3DD0077AB05 /* RequestDataKeys.swift */; };
		9EA41C2B27B3E42A0063A831 /* Mock.swift in Sources */ = {isa = PBXBuildFile; fileRef = 9EA41C2427B3DF8E0063A831 /* Mock.swift */; };
		9EA41C2C27B3E4380063A831 /* FindMyFixtureTests.swift in Sources */ = {isa = PBXBuildFile; fileRef = 9E78D1DD27B29B450077AB05 /* FindMyFixtureTests.swift */; };
		9EB978E127C5341A00358CF4 /* Array.swift in Sources */ = {isa = PBXBuildFile; fileRef = 9EB978E027C5341A00358CF4 /* Array.swift */; };
		9ED5730027B158D80038F7C3 /* FmfError.swift in Sources */ = {isa = PBXBuildFile; fileRef = 9ED572FF27B158D80038F7C3 /* FmfError.swift */; };
		9ED5730227B1603D0038F7C3 /* ModelLoader.swift in Sources */ = {isa = PBXBuildFile; fileRef = 9ED5730127B1603D0038F7C3 /* ModelLoader.swift */; };
		9ED5730427B166160038F7C3 /* EndPoint.swift in Sources */ = {isa = PBXBuildFile; fileRef = 9ED5730327B166160038F7C3 /* EndPoint.swift */; };
		9ED5730727B166D80038F7C3 /* URLSession+Extensions.swift in Sources */ = {isa = PBXBuildFile; fileRef = 9ED5730627B166D80038F7C3 /* URLSession+Extensions.swift */; };
/* End PBXBuildFile section */

/* Begin PBXContainerItemProxy section */
		9E78D1DF27B29B450077AB05 /* PBXContainerItemProxy */ = {
			isa = PBXContainerItemProxy;
			containerPortal = 3FBE1D902671492B003AF4D3 /* Project object */;
			proxyType = 1;
			remoteGlobalIDString = 3FBE1D972671492B003AF4D3;
			remoteInfo = FindMyFixture;
		};
/* End PBXContainerItemProxy section */

/* Begin PBXFileReference section */
		3F7035282671FD9C0004DEF5 /* UserModel.swift */ = {isa = PBXFileReference; lastKnownFileType = sourcecode.swift; path = UserModel.swift; sourceTree = "<group>"; };
		3F70352B2671FDD30004DEF5 /* LoginResponseModel.swift */ = {isa = PBXFileReference; lastKnownFileType = sourcecode.swift; path = LoginResponseModel.swift; sourceTree = "<group>"; };
		3F70352E26721B760004DEF5 /* UserLoaderService.swift */ = {isa = PBXFileReference; lastKnownFileType = sourcecode.swift; path = UserLoaderService.swift; sourceTree = "<group>"; };
		3F703531267221F10004DEF5 /* UserRegisterService.swift */ = {isa = PBXFileReference; lastKnownFileType = sourcecode.swift; path = UserRegisterService.swift; sourceTree = "<group>"; };
		3F703535267223CA0004DEF5 /* PhpResponseModel.swift */ = {isa = PBXFileReference; lastKnownFileType = sourcecode.swift; path = PhpResponseModel.swift; sourceTree = "<group>"; };
		3F703538267244B90004DEF5 /* FixtureModel.swift */ = {isa = PBXFileReference; lastKnownFileType = sourcecode.swift; path = FixtureModel.swift; sourceTree = "<group>"; };
		3F70353B267245DB0004DEF5 /* FixtureLoaderService.swift */ = {isa = PBXFileReference; lastKnownFileType = sourcecode.swift; path = FixtureLoaderService.swift; sourceTree = "<group>"; };
		3F70353E267251290004DEF5 /* FixtureAddingService.swift */ = {isa = PBXFileReference; lastKnownFileType = sourcecode.swift; path = FixtureAddingService.swift; sourceTree = "<group>"; };
		3F70354226725CEB0004DEF5 /* ImageLoaderService.swift */ = {isa = PBXFileReference; lastKnownFileType = sourcecode.swift; path = ImageLoaderService.swift; sourceTree = "<group>"; };
		3F70354626725FB40004DEF5 /* RowViewModel.swift */ = {isa = PBXFileReference; lastKnownFileType = sourcecode.swift; path = RowViewModel.swift; sourceTree = "<group>"; };
		3F70354A267262D30004DEF5 /* RowView.swift */ = {isa = PBXFileReference; lastKnownFileType = sourcecode.swift; path = RowView.swift; sourceTree = "<group>"; };
		3F70355126726A830004DEF5 /* LoginViewModel.swift */ = {isa = PBXFileReference; lastKnownFileType = sourcecode.swift; path = LoginViewModel.swift; sourceTree = "<group>"; };
		3F70355426726F610004DEF5 /* LoginView.swift */ = {isa = PBXFileReference; lastKnownFileType = sourcecode.swift; path = LoginView.swift; sourceTree = "<group>"; };
		3F70355726726FF90004DEF5 /* RegisterView.swift */ = {isa = PBXFileReference; lastKnownFileType = sourcecode.swift; path = RegisterView.swift; sourceTree = "<group>"; };
		3F70355A267270730004DEF5 /* MainTabView.swift */ = {isa = PBXFileReference; lastKnownFileType = sourcecode.swift; path = MainTabView.swift; sourceTree = "<group>"; };
		3F70355D267287C40004DEF5 /* RegisterViewModel.swift */ = {isa = PBXFileReference; lastKnownFileType = sourcecode.swift; path = RegisterViewModel.swift; sourceTree = "<group>"; };
		3F703560267297090004DEF5 /* ListSearchView.swift */ = {isa = PBXFileReference; lastKnownFileType = sourcecode.swift; path = ListSearchView.swift; sourceTree = "<group>"; };
		3F703563267297180004DEF5 /* FavouritesView.swift */ = {isa = PBXFileReference; lastKnownFileType = sourcecode.swift; path = FavouritesView.swift; sourceTree = "<group>"; };
		3F7035662672972E0004DEF5 /* AddView.swift */ = {isa = PBXFileReference; lastKnownFileType = sourcecode.swift; path = AddView.swift; sourceTree = "<group>"; };
		3F703569267298A60004DEF5 /* TabViewModel.swift */ = {isa = PBXFileReference; lastKnownFileType = sourcecode.swift; path = TabViewModel.swift; sourceTree = "<group>"; };
		3FA9B43E26734F3C000A3233 /* Repository.swift */ = {isa = PBXFileReference; lastKnownFileType = sourcecode.swift; path = Repository.swift; sourceTree = "<group>"; };
		3FA9B44126735056000A3233 /* ListSearchViewModel.swift */ = {isa = PBXFileReference; lastKnownFileType = sourcecode.swift; path = ListSearchViewModel.swift; sourceTree = "<group>"; };
		3FAF78142673603200666059 /* DetailView.swift */ = {isa = PBXFileReference; lastKnownFileType = sourcecode.swift; path = DetailView.swift; sourceTree = "<group>"; };
		3FAF781B26738AA100666059 /* DetailViewModel.swift */ = {isa = PBXFileReference; lastKnownFileType = sourcecode.swift; path = DetailViewModel.swift; sourceTree = "<group>"; };
		3FAF781E26738F5E00666059 /* AddViewModel.swift */ = {isa = PBXFileReference; lastKnownFileType = sourcecode.swift; path = AddViewModel.swift; sourceTree = "<group>"; };
		3FAF78212673C11400666059 /* StorageLoader.swift */ = {isa = PBXFileReference; lastKnownFileType = sourcecode.swift; path = StorageLoader.swift; sourceTree = "<group>"; };
		3FAF78242673C2AE00666059 /* FavouritesViewModel.swift */ = {isa = PBXFileReference; lastKnownFileType = sourcecode.swift; path = FavouritesViewModel.swift; sourceTree = "<group>"; };
		3FAF78272673CFEB00666059 /* RowViewFavourites.swift */ = {isa = PBXFileReference; lastKnownFileType = sourcecode.swift; path = RowViewFavourites.swift; sourceTree = "<group>"; };
		3FBE1D982671492B003AF4D3 /* FindMyFixture.app */ = {isa = PBXFileReference; explicitFileType = wrapper.application; includeInIndex = 0; path = FindMyFixture.app; sourceTree = BUILT_PRODUCTS_DIR; };
		3FBE1D9B2671492B003AF4D3 /* FindMyFixtureApp.swift */ = {isa = PBXFileReference; lastKnownFileType = sourcecode.swift; path = FindMyFixtureApp.swift; sourceTree = "<group>"; };
		3FBE1D9D2671492B003AF4D3 /* ContentView.swift */ = {isa = PBXFileReference; lastKnownFileType = sourcecode.swift; path = ContentView.swift; sourceTree = "<group>"; };
		3FBE1D9F2671492C003AF4D3 /* Assets.xcassets */ = {isa = PBXFileReference; lastKnownFileType = folder.assetcatalog; path = Assets.xcassets; sourceTree = "<group>"; };
		3FBE1DA22671492C003AF4D3 /* Preview Assets.xcassets */ = {isa = PBXFileReference; lastKnownFileType = folder.assetcatalog; path = "Preview Assets.xcassets"; sourceTree = "<group>"; };
		3FBE1DA42671492C003AF4D3 /* Info.plist */ = {isa = PBXFileReference; lastKnownFileType = text.plist.xml; path = Info.plist; sourceTree = "<group>"; };
		3FBE1DAC267155D8003AF4D3 /* LoginService.swift */ = {isa = PBXFileReference; lastKnownFileType = sourcecode.swift; path = LoginService.swift; sourceTree = "<group>"; };
		9E78D1D327B286020077AB05 /* RepositoryProtocol.swift */ = {isa = PBXFileReference; fileEncoding = 4; lastKnownFileType = sourcecode.swift; path = RepositoryProtocol.swift; sourceTree = "<group>"; };
		9E78D1D527B28C360077AB05 /* NetworkResponseModel.swift */ = {isa = PBXFileReference; lastKnownFileType = sourcecode.swift; path = NetworkResponseModel.swift; sourceTree = "<group>"; };
		9E78D1DB27B29B450077AB05 /* FindMyFixtureTests.xctest */ = {isa = PBXFileReference; explicitFileType = wrapper.cfbundle; includeInIndex = 0; path = FindMyFixtureTests.xctest; sourceTree = BUILT_PRODUCTS_DIR; };
		9E78D1DD27B29B450077AB05 /* FindMyFixtureTests.swift */ = {isa = PBXFileReference; lastKnownFileType = sourcecode.swift; path = FindMyFixtureTests.swift; sourceTree = "<group>"; };
		9E78D1E427B29EF90077AB05 /* FmfUrlPaths.swift */ = {isa = PBXFileReference; lastKnownFileType = sourcecode.swift; path = FmfUrlPaths.swift; sourceTree = "<group>"; };
		9E78D1E627B2A8A10077AB05 /* URLHost.swift */ = {isa = PBXFileReference; lastKnownFileType = sourcecode.swift; path = URLHost.swift; sourceTree = "<group>"; };
		9E78D1E827B2A8BD0077AB05 /* NetworkConstants.swift */ = {isa = PBXFileReference; lastKnownFileType = sourcecode.swift; path = NetworkConstants.swift; sourceTree = "<group>"; };
		9E78D1EA27B2B3DD0077AB05 /* RequestDataKeys.swift */ = {isa = PBXFileReference; lastKnownFileType = sourcecode.swift; path = RequestDataKeys.swift; sourceTree = "<group>"; };
		9EA41C2427B3DF8E0063A831 /* Mock.swift */ = {isa = PBXFileReference; lastKnownFileType = sourcecode.swift; path = Mock.swift; sourceTree = "<group>"; };
		9EB978E027C5341A00358CF4 /* Array.swift */ = {isa = PBXFileReference; lastKnownFileType = sourcecode.swift; path = Array.swift; sourceTree = "<group>"; };
		9ED572FF27B158D80038F7C3 /* FmfError.swift */ = {isa = PBXFileReference; lastKnownFileType = sourcecode.swift; path = FmfError.swift; sourceTree = "<group>"; };
		9ED5730127B1603D0038F7C3 /* ModelLoader.swift */ = {isa = PBXFileReference; lastKnownFileType = sourcecode.swift; path = ModelLoader.swift; sourceTree = "<group>"; };
		9ED5730327B166160038F7C3 /* EndPoint.swift */ = {isa = PBXFileReference; lastKnownFileType = sourcecode.swift; path = EndPoint.swift; sourceTree = "<group>"; };
		9ED5730627B166D80038F7C3 /* URLSession+Extensions.swift */ = {isa = PBXFileReference; lastKnownFileType = sourcecode.swift; path = "URLSession+Extensions.swift"; sourceTree = "<group>"; };
/* End PBXFileReference section */

/* Begin PBXFrameworksBuildPhase section */
		3FBE1D952671492B003AF4D3 /* Frameworks */ = {
			isa = PBXFrameworksBuildPhase;
			buildActionMask = 2147483647;
			files = (
			);
			runOnlyForDeploymentPostprocessing = 0;
		};
		9E78D1D827B29B450077AB05 /* Frameworks */ = {
			isa = PBXFrameworksBuildPhase;
			buildActionMask = 2147483647;
			files = (
			);
			runOnlyForDeploymentPostprocessing = 0;
		};
/* End PBXFrameworksBuildPhase section */

/* Begin PBXGroup section */
		3F7035272671FC0A0004DEF5 /* Model */ = {
			isa = PBXGroup;
			children = (
				9EA41C2427B3DF8E0063A831 /* Mock.swift */,
				3F7035282671FD9C0004DEF5 /* UserModel.swift */,
				3F70352B2671FDD30004DEF5 /* LoginResponseModel.swift */,
				3F703535267223CA0004DEF5 /* PhpResponseModel.swift */,
				3F703538267244B90004DEF5 /* FixtureModel.swift */,
				9E78D1D527B28C360077AB05 /* NetworkResponseModel.swift */,
			);
			path = Model;
			sourceTree = "<group>";
		};
		3F70354526725F8A0004DEF5 /* ViewModel */ = {
			isa = PBXGroup;
			children = (
				3F70354626725FB40004DEF5 /* RowViewModel.swift */,
				3F70355126726A830004DEF5 /* LoginViewModel.swift */,
				3F70355D267287C40004DEF5 /* RegisterViewModel.swift */,
				3F703569267298A60004DEF5 /* TabViewModel.swift */,
				3FA9B44126735056000A3233 /* ListSearchViewModel.swift */,
				3FAF781B26738AA100666059 /* DetailViewModel.swift */,
				3FAF781E26738F5E00666059 /* AddViewModel.swift */,
				3FAF78242673C2AE00666059 /* FavouritesViewModel.swift */,
			);
			path = ViewModel;
			sourceTree = "<group>";
		};
		3F703549267262C40004DEF5 /* Views */ = {
			isa = PBXGroup;
			children = (
				3F70354A267262D30004DEF5 /* RowView.swift */,
				3FAF78272673CFEB00666059 /* RowViewFavourites.swift */,
				3F70355426726F610004DEF5 /* LoginView.swift */,
				3F70355726726FF90004DEF5 /* RegisterView.swift */,
				3F70355A267270730004DEF5 /* MainTabView.swift */,
				3F703560267297090004DEF5 /* ListSearchView.swift */,
				3F703563267297180004DEF5 /* FavouritesView.swift */,
				3F7035662672972E0004DEF5 /* AddView.swift */,
				3FAF78142673603200666059 /* DetailView.swift */,
			);
			path = Views;
			sourceTree = "<group>";
		};
		3FA9B43C26734F26000A3233 /* Data */ = {
			isa = PBXGroup;
			children = (
				3FA9B43E26734F3C000A3233 /* Repository.swift */,
				3FAF78212673C11400666059 /* StorageLoader.swift */,
				3F7035272671FC0A0004DEF5 /* Model */,
			);
			path = Data;
			sourceTree = "<group>";
		};
		3FBE1D8F2671492B003AF4D3 = {
			isa = PBXGroup;
			children = (
				3FBE1D9A2671492B003AF4D3 /* FindMyFixture */,
				9E78D1DC27B29B450077AB05 /* FindMyFixtureTests */,
				3FBE1D992671492B003AF4D3 /* Products */,
			);
			sourceTree = "<group>";
		};
		3FBE1D992671492B003AF4D3 /* Products */ = {
			isa = PBXGroup;
			children = (
				3FBE1D982671492B003AF4D3 /* FindMyFixture.app */,
				9E78D1DB27B29B450077AB05 /* FindMyFixtureTests.xctest */,
			);
			name = Products;
			sourceTree = "<group>";
		};
		3FBE1D9A2671492B003AF4D3 /* FindMyFixture */ = {
			isa = PBXGroup;
			children = (
				9ED5730527B166740038F7C3 /* Extension */,
				9ED572FE27B158C00038F7C3 /* Utils */,
				3F703549267262C40004DEF5 /* Views */,
				3F70354526725F8A0004DEF5 /* ViewModel */,
				3FA9B43C26734F26000A3233 /* Data */,
				3FBE1DAB26714E3E003AF4D3 /* Services */,
				3FBE1D9B2671492B003AF4D3 /* FindMyFixtureApp.swift */,
				3FBE1D9D2671492B003AF4D3 /* ContentView.swift */,
				3FBE1D9F2671492C003AF4D3 /* Assets.xcassets */,
				3FBE1DA42671492C003AF4D3 /* Info.plist */,
				3FBE1DA12671492C003AF4D3 /* Preview Content */,
			);
			path = FindMyFixture;
			sourceTree = "<group>";
		};
		3FBE1DA12671492C003AF4D3 /* Preview Content */ = {
			isa = PBXGroup;
			children = (
				3FBE1DA22671492C003AF4D3 /* Preview Assets.xcassets */,
			);
			path = "Preview Content";
			sourceTree = "<group>";
		};
		3FBE1DAB26714E3E003AF4D3 /* Services */ = {
			isa = PBXGroup;
			children = (
				3FBE1DAC267155D8003AF4D3 /* LoginService.swift */,
				3F70352E26721B760004DEF5 /* UserLoaderService.swift */,
				3F703531267221F10004DEF5 /* UserRegisterService.swift */,
				3F70353B267245DB0004DEF5 /* FixtureLoaderService.swift */,
				3F70353E267251290004DEF5 /* FixtureAddingService.swift */,
				3F70354226725CEB0004DEF5 /* ImageLoaderService.swift */,
				9E78D1E427B29EF90077AB05 /* FmfUrlPaths.swift */,
			);
			path = Services;
			sourceTree = "<group>";
		};
		9E78D1DC27B29B450077AB05 /* FindMyFixtureTests */ = {
			isa = PBXGroup;
			children = (
				9E78D1DD27B29B450077AB05 /* FindMyFixtureTests.swift */,
			);
			path = FindMyFixtureTests;
			sourceTree = "<group>";
		};
		9ED572FE27B158C00038F7C3 /* Utils */ = {
			isa = PBXGroup;
			children = (
				9ED572FF27B158D80038F7C3 /* FmfError.swift */,
				9ED5730127B1603D0038F7C3 /* ModelLoader.swift */,
				9ED5730327B166160038F7C3 /* EndPoint.swift */,
				9E78D1D327B286020077AB05 /* RepositoryProtocol.swift */,
				9E78D1E627B2A8A10077AB05 /* URLHost.swift */,
				9E78D1E827B2A8BD0077AB05 /* NetworkConstants.swift */,
				9E78D1EA27B2B3DD0077AB05 /* RequestDataKeys.swift */,
			);
			path = Utils;
			sourceTree = "<group>";
		};
		9ED5730527B166740038F7C3 /* Extension */ = {
			isa = PBXGroup;
			children = (
				9ED5730627B166D80038F7C3 /* URLSession+Extensions.swift */,
				9EB978E027C5341A00358CF4 /* Array.swift */,
			);
			path = Extension;
			sourceTree = "<group>";
		};
/* End PBXGroup section */

/* Begin PBXNativeTarget section */
		3FBE1D972671492B003AF4D3 /* FindMyFixture */ = {
			isa = PBXNativeTarget;
			buildConfigurationList = 3FBE1DA72671492C003AF4D3 /* Build configuration list for PBXNativeTarget "FindMyFixture" */;
			buildPhases = (
				3FBE1D942671492B003AF4D3 /* Sources */,
				3FBE1D952671492B003AF4D3 /* Frameworks */,
				3FBE1D962671492B003AF4D3 /* Resources */,
			);
			buildRules = (
			);
			dependencies = (
			);
			name = FindMyFixture;
			productName = FindMyFixture;
			productReference = 3FBE1D982671492B003AF4D3 /* FindMyFixture.app */;
			productType = "com.apple.product-type.application";
		};
		9E78D1DA27B29B450077AB05 /* FindMyFixtureTests */ = {
			isa = PBXNativeTarget;
			buildConfigurationList = 9E78D1E127B29B450077AB05 /* Build configuration list for PBXNativeTarget "FindMyFixtureTests" */;
			buildPhases = (
				9E78D1D727B29B450077AB05 /* Sources */,
				9E78D1D827B29B450077AB05 /* Frameworks */,
				9E78D1D927B29B450077AB05 /* Resources */,
			);
			buildRules = (
			);
			dependencies = (
				9E78D1E027B29B450077AB05 /* PBXTargetDependency */,
			);
			name = FindMyFixtureTests;
			productName = FindMyFixtureTests;
			productReference = 9E78D1DB27B29B450077AB05 /* FindMyFixtureTests.xctest */;
			productType = "com.apple.product-type.bundle.unit-test";
		};
/* End PBXNativeTarget section */

/* Begin PBXProject section */
		3FBE1D902671492B003AF4D3 /* Project object */ = {
			isa = PBXProject;
			attributes = {
				LastSwiftUpdateCheck = 1320;
				LastUpgradeCheck = 1230;
				TargetAttributes = {
					3FBE1D972671492B003AF4D3 = {
						CreatedOnToolsVersion = 12.3;
					};
					9E78D1DA27B29B450077AB05 = {
						CreatedOnToolsVersion = 13.2.1;
						TestTargetID = 3FBE1D972671492B003AF4D3;
					};
				};
			};
			buildConfigurationList = 3FBE1D932671492B003AF4D3 /* Build configuration list for PBXProject "FindMyFixture" */;
			compatibilityVersion = "Xcode 9.3";
			developmentRegion = en;
			hasScannedForEncodings = 0;
			knownRegions = (
				en,
				Base,
			);
			mainGroup = 3FBE1D8F2671492B003AF4D3;
			productRefGroup = 3FBE1D992671492B003AF4D3 /* Products */;
			projectDirPath = "";
			projectRoot = "";
			targets = (
				3FBE1D972671492B003AF4D3 /* FindMyFixture */,
				9E78D1DA27B29B450077AB05 /* FindMyFixtureTests */,
			);
		};
/* End PBXProject section */

/* Begin PBXResourcesBuildPhase section */
		3FBE1D962671492B003AF4D3 /* Resources */ = {
			isa = PBXResourcesBuildPhase;
			buildActionMask = 2147483647;
			files = (
				3FBE1DA32671492C003AF4D3 /* Preview Assets.xcassets in Resources */,
				3FBE1DA02671492C003AF4D3 /* Assets.xcassets in Resources */,
			);
			runOnlyForDeploymentPostprocessing = 0;
		};
		9E78D1D927B29B450077AB05 /* Resources */ = {
			isa = PBXResourcesBuildPhase;
			buildActionMask = 2147483647;
			files = (
			);
			runOnlyForDeploymentPostprocessing = 0;
		};
/* End PBXResourcesBuildPhase section */

/* Begin PBXSourcesBuildPhase section */
		3FBE1D942671492B003AF4D3 /* Sources */ = {
			isa = PBXSourcesBuildPhase;
			buildActionMask = 2147483647;
			files = (
				3F70354726725FB40004DEF5 /* RowViewModel.swift in Sources */,
				3F70354B267262D30004DEF5 /* RowView.swift in Sources */,
				3FAF781F26738F5E00666059 /* AddViewModel.swift in Sources */,
				9ED5730227B1603D0038F7C3 /* ModelLoader.swift in Sources */,
				3F703539267244B90004DEF5 /* FixtureModel.swift in Sources */,
				9E78D1D627B28C360077AB05 /* NetworkResponseModel.swift in Sources */,
				9ED5730727B166D80038F7C3 /* URLSession+Extensions.swift in Sources */,
				3FBE1D9E2671492B003AF4D3 /* ContentView.swift in Sources */,
				3FAF781C26738AA100666059 /* DetailViewModel.swift in Sources */,
				3F703532267221F10004DEF5 /* UserRegisterService.swift in Sources */,
				9E78D1E727B2A8A10077AB05 /* URLHost.swift in Sources */,
				3F70353F267251290004DEF5 /* FixtureAddingService.swift in Sources */,
				3FAF78282673CFEB00666059 /* RowViewFavourites.swift in Sources */,
				3F7035672672972E0004DEF5 /* AddView.swift in Sources */,
				3FAF78152673603200666059 /* DetailView.swift in Sources */,
				9E78D1E527B29EF90077AB05 /* FmfUrlPaths.swift in Sources */,
				3F70356A267298A60004DEF5 /* TabViewModel.swift in Sources */,
				9EB978E127C5341A00358CF4 /* Array.swift in Sources */,
				9ED5730027B158D80038F7C3 /* FmfError.swift in Sources */,
				3F70352F26721B760004DEF5 /* UserLoaderService.swift in Sources */,
				3FA9B44226735056000A3233 /* ListSearchViewModel.swift in Sources */,
				9E78D1D427B286020077AB05 /* RepositoryProtocol.swift in Sources */,
				3F703536267223CA0004DEF5 /* PhpResponseModel.swift in Sources */,
				3F70355E267287C40004DEF5 /* RegisterViewModel.swift in Sources */,
				3FA9B43F26734F3C000A3233 /* Repository.swift in Sources */,
				3F70355826726FF90004DEF5 /* RegisterView.swift in Sources */,
				3F70355226726A830004DEF5 /* LoginViewModel.swift in Sources */,
				3F70354326725CEB0004DEF5 /* ImageLoaderService.swift in Sources */,
				9ED5730427B166160038F7C3 /* EndPoint.swift in Sources */,
				3F703561267297090004DEF5 /* ListSearchView.swift in Sources */,
				3FAF78252673C2AE00666059 /* FavouritesViewModel.swift in Sources */,
				9EA41C2B27B3E42A0063A831 /* Mock.swift in Sources */,
				3FBE1DAD267155D8003AF4D3 /* LoginService.swift in Sources */,
				3F7035292671FD9C0004DEF5 /* UserModel.swift in Sources */,
				9E78D1E927B2A8BD0077AB05 /* NetworkConstants.swift in Sources */,
				3FBE1D9C2671492B003AF4D3 /* FindMyFixtureApp.swift in Sources */,
				9E78D1EB27B2B3DD0077AB05 /* RequestDataKeys.swift in Sources */,
				3FAF78222673C11400666059 /* StorageLoader.swift in Sources */,
				3F70353C267245DB0004DEF5 /* FixtureLoaderService.swift in Sources */,
				3F70355526726F610004DEF5 /* LoginView.swift in Sources */,
				3F70355B267270730004DEF5 /* MainTabView.swift in Sources */,
				3F703564267297180004DEF5 /* FavouritesView.swift in Sources */,
				3F70352C2671FDD30004DEF5 /* LoginResponseModel.swift in Sources */,
			);
			runOnlyForDeploymentPostprocessing = 0;
		};
		9E78D1D727B29B450077AB05 /* Sources */ = {
			isa = PBXSourcesBuildPhase;
			buildActionMask = 2147483647;
			files = (
				9EA41C2C27B3E4380063A831 /* FindMyFixtureTests.swift in Sources */,
			);
			runOnlyForDeploymentPostprocessing = 0;
		};
/* End PBXSourcesBuildPhase section */

/* Begin PBXTargetDependency section */
		9E78D1E027B29B450077AB05 /* PBXTargetDependency */ = {
			isa = PBXTargetDependency;
			target = 3FBE1D972671492B003AF4D3 /* FindMyFixture */;
			targetProxy = 9E78D1DF27B29B450077AB05 /* PBXContainerItemProxy */;
		};
/* End PBXTargetDependency section */

/* Begin XCBuildConfiguration section */
		3FBE1DA52671492C003AF4D3 /* Debug */ = {
			isa = XCBuildConfiguration;
			buildSettings = {
				ALWAYS_SEARCH_USER_PATHS = NO;
				CLANG_ANALYZER_NONNULL = YES;
				CLANG_ANALYZER_NUMBER_OBJECT_CONVERSION = YES_AGGRESSIVE;
				CLANG_CXX_LANGUAGE_STANDARD = "gnu++14";
				CLANG_CXX_LIBRARY = "libc++";
				CLANG_ENABLE_MODULES = YES;
				CLANG_ENABLE_OBJC_ARC = YES;
				CLANG_ENABLE_OBJC_WEAK = YES;
				CLANG_WARN_BLOCK_CAPTURE_AUTORELEASING = YES;
				CLANG_WARN_BOOL_CONVERSION = YES;
				CLANG_WARN_COMMA = YES;
				CLANG_WARN_CONSTANT_CONVERSION = YES;
				CLANG_WARN_DEPRECATED_OBJC_IMPLEMENTATIONS = YES;
				CLANG_WARN_DIRECT_OBJC_ISA_USAGE = YES_ERROR;
				CLANG_WARN_DOCUMENTATION_COMMENTS = YES;
				CLANG_WARN_EMPTY_BODY = YES;
				CLANG_WARN_ENUM_CONVERSION = YES;
				CLANG_WARN_INFINITE_RECURSION = YES;
				CLANG_WARN_INT_CONVERSION = YES;
				CLANG_WARN_NON_LITERAL_NULL_CONVERSION = YES;
				CLANG_WARN_OBJC_IMPLICIT_RETAIN_SELF = YES;
				CLANG_WARN_OBJC_LITERAL_CONVERSION = YES;
				CLANG_WARN_OBJC_ROOT_CLASS = YES_ERROR;
				CLANG_WARN_QUOTED_INCLUDE_IN_FRAMEWORK_HEADER = YES;
				CLANG_WARN_RANGE_LOOP_ANALYSIS = YES;
				CLANG_WARN_STRICT_PROTOTYPES = YES;
				CLANG_WARN_SUSPICIOUS_MOVE = YES;
				CLANG_WARN_UNGUARDED_AVAILABILITY = YES_AGGRESSIVE;
				CLANG_WARN_UNREACHABLE_CODE = YES;
				CLANG_WARN__DUPLICATE_METHOD_MATCH = YES;
				COPY_PHASE_STRIP = NO;
				DEBUG_INFORMATION_FORMAT = dwarf;
				ENABLE_STRICT_OBJC_MSGSEND = YES;
				ENABLE_TESTABILITY = YES;
				GCC_C_LANGUAGE_STANDARD = gnu11;
				GCC_DYNAMIC_NO_PIC = NO;
				GCC_NO_COMMON_BLOCKS = YES;
				GCC_OPTIMIZATION_LEVEL = 0;
				GCC_PREPROCESSOR_DEFINITIONS = (
					"DEBUG=1",
					"$(inherited)",
				);
				GCC_WARN_64_TO_32_BIT_CONVERSION = YES;
				GCC_WARN_ABOUT_RETURN_TYPE = YES_ERROR;
				GCC_WARN_UNDECLARED_SELECTOR = YES;
				GCC_WARN_UNINITIALIZED_AUTOS = YES_AGGRESSIVE;
				GCC_WARN_UNUSED_FUNCTION = YES;
				GCC_WARN_UNUSED_VARIABLE = YES;
				IPHONEOS_DEPLOYMENT_TARGET = 14.3;
				MTL_ENABLE_DEBUG_INFO = INCLUDE_SOURCE;
				MTL_FAST_MATH = YES;
				ONLY_ACTIVE_ARCH = YES;
				SDKROOT = iphoneos;
				SWIFT_ACTIVE_COMPILATION_CONDITIONS = DEBUG;
				SWIFT_OPTIMIZATION_LEVEL = "-Onone";
			};
			name = Debug;
		};
		3FBE1DA62671492C003AF4D3 /* Release */ = {
			isa = XCBuildConfiguration;
			buildSettings = {
				ALWAYS_SEARCH_USER_PATHS = NO;
				CLANG_ANALYZER_NONNULL = YES;
				CLANG_ANALYZER_NUMBER_OBJECT_CONVERSION = YES_AGGRESSIVE;
				CLANG_CXX_LANGUAGE_STANDARD = "gnu++14";
				CLANG_CXX_LIBRARY = "libc++";
				CLANG_ENABLE_MODULES = YES;
				CLANG_ENABLE_OBJC_ARC = YES;
				CLANG_ENABLE_OBJC_WEAK = YES;
				CLANG_WARN_BLOCK_CAPTURE_AUTORELEASING = YES;
				CLANG_WARN_BOOL_CONVERSION = YES;
				CLANG_WARN_COMMA = YES;
				CLANG_WARN_CONSTANT_CONVERSION = YES;
				CLANG_WARN_DEPRECATED_OBJC_IMPLEMENTATIONS = YES;
				CLANG_WARN_DIRECT_OBJC_ISA_USAGE = YES_ERROR;
				CLANG_WARN_DOCUMENTATION_COMMENTS = YES;
				CLANG_WARN_EMPTY_BODY = YES;
				CLANG_WARN_ENUM_CONVERSION = YES;
				CLANG_WARN_INFINITE_RECURSION = YES;
				CLANG_WARN_INT_CONVERSION = YES;
				CLANG_WARN_NON_LITERAL_NULL_CONVERSION = YES;
				CLANG_WARN_OBJC_IMPLICIT_RETAIN_SELF = YES;
				CLANG_WARN_OBJC_LITERAL_CONVERSION = YES;
				CLANG_WARN_OBJC_ROOT_CLASS = YES_ERROR;
				CLANG_WARN_QUOTED_INCLUDE_IN_FRAMEWORK_HEADER = YES;
				CLANG_WARN_RANGE_LOOP_ANALYSIS = YES;
				CLANG_WARN_STRICT_PROTOTYPES = YES;
				CLANG_WARN_SUSPICIOUS_MOVE = YES;
				CLANG_WARN_UNGUARDED_AVAILABILITY = YES_AGGRESSIVE;
				CLANG_WARN_UNREACHABLE_CODE = YES;
				CLANG_WARN__DUPLICATE_METHOD_MATCH = YES;
				COPY_PHASE_STRIP = NO;
				DEBUG_INFORMATION_FORMAT = "dwarf-with-dsym";
				ENABLE_NS_ASSERTIONS = NO;
				ENABLE_STRICT_OBJC_MSGSEND = YES;
				GCC_C_LANGUAGE_STANDARD = gnu11;
				GCC_NO_COMMON_BLOCKS = YES;
				GCC_WARN_64_TO_32_BIT_CONVERSION = YES;
				GCC_WARN_ABOUT_RETURN_TYPE = YES_ERROR;
				GCC_WARN_UNDECLARED_SELECTOR = YES;
				GCC_WARN_UNINITIALIZED_AUTOS = YES_AGGRESSIVE;
				GCC_WARN_UNUSED_FUNCTION = YES;
				GCC_WARN_UNUSED_VARIABLE = YES;
				IPHONEOS_DEPLOYMENT_TARGET = 14.3;
				MTL_ENABLE_DEBUG_INFO = NO;
				MTL_FAST_MATH = YES;
				SDKROOT = iphoneos;
				SWIFT_COMPILATION_MODE = wholemodule;
				SWIFT_OPTIMIZATION_LEVEL = "-O";
				VALIDATE_PRODUCT = YES;
			};
			name = Release;
		};
		3FBE1DA82671492C003AF4D3 /* Debug */ = {
			isa = XCBuildConfiguration;
			buildSettings = {
				ASSETCATALOG_COMPILER_APPICON_NAME = AppIcon;
				ASSETCATALOG_COMPILER_GLOBAL_ACCENT_COLOR_NAME = AccentColor;
				CODE_SIGN_STYLE = Automatic;
				DEVELOPMENT_ASSET_PATHS = "\"FindMyFixture/Preview Content\"";
				DEVELOPMENT_TEAM = Y25HCVP446;
				ENABLE_PREVIEWS = YES;
				INFOPLIST_FILE = FindMyFixture/Info.plist;
				IPHONEOS_DEPLOYMENT_TARGET = 14.0;
				LD_RUNPATH_SEARCH_PATHS = (
					"$(inherited)",
					"@executable_path/Frameworks",
				);
				PRODUCT_BUNDLE_IDENTIFIER = de.kluk.FindMyFixture;
				PRODUCT_NAME = "$(TARGET_NAME)";
				SWIFT_VERSION = 5.0;
				TARGETED_DEVICE_FAMILY = "1,2";
			};
			name = Debug;
		};
		3FBE1DA92671492C003AF4D3 /* Release */ = {
			isa = XCBuildConfiguration;
			buildSettings = {
				ASSETCATALOG_COMPILER_APPICON_NAME = AppIcon;
				ASSETCATALOG_COMPILER_GLOBAL_ACCENT_COLOR_NAME = AccentColor;
				CODE_SIGN_STYLE = Automatic;
				DEVELOPMENT_ASSET_PATHS = "\"FindMyFixture/Preview Content\"";
				DEVELOPMENT_TEAM = Y25HCVP446;
				ENABLE_PREVIEWS = YES;
				INFOPLIST_FILE = FindMyFixture/Info.plist;
				IPHONEOS_DEPLOYMENT_TARGET = 14.0;
				LD_RUNPATH_SEARCH_PATHS = (
					"$(inherited)",
					"@executable_path/Frameworks",
				);
				PRODUCT_BUNDLE_IDENTIFIER = de.kluk.FindMyFixture;
				PRODUCT_NAME = "$(TARGET_NAME)";
				SWIFT_VERSION = 5.0;
				TARGETED_DEVICE_FAMILY = "1,2";
			};
			name = Release;
		};
		9E78D1E227B29B450077AB05 /* Debug */ = {
			isa = XCBuildConfiguration;
			buildSettings = {
				BUNDLE_LOADER = "$(TEST_HOST)";
				CLANG_CXX_LANGUAGE_STANDARD = "gnu++17";
				CODE_SIGN_IDENTITY = "Apple Development";
				"CODE_SIGN_IDENTITY[sdk=macosx*]" = "Apple Development";
				CODE_SIGN_STYLE = Automatic;
				CURRENT_PROJECT_VERSION = 1;
				DEVELOPMENT_TEAM = Y25HCVP446;
				GENERATE_INFOPLIST_FILE = YES;
				IPHONEOS_DEPLOYMENT_TARGET = 14.0;
				MARKETING_VERSION = 1.0;
				PRODUCT_BUNDLE_IDENTIFIER = "de.kombinat-luk.FindMyFixtureTests";
				"PRODUCT_BUNDLE_IDENTIFIER[sdk=macosx*]" = "";
				PRODUCT_NAME = "$(TARGET_NAME)";
				PROVISIONING_PROFILE_SPECIFIER = "";
				"PROVISIONING_PROFILE_SPECIFIER[sdk=macosx*]" = "";
				SWIFT_EMIT_LOC_STRINGS = NO;
				SWIFT_VERSION = 5.0;
				TARGETED_DEVICE_FAMILY = "1,2";
				TEST_HOST = "$(BUILT_PRODUCTS_DIR)/FindMyFixture.app/FindMyFixture";
			};
			name = Debug;
		};
		9E78D1E327B29B450077AB05 /* Release */ = {
			isa = XCBuildConfiguration;
			buildSettings = {
				BUNDLE_LOADER = "$(TEST_HOST)";
				CLANG_CXX_LANGUAGE_STANDARD = "gnu++17";
				CODE_SIGN_IDENTITY = "Apple Development";
				"CODE_SIGN_IDENTITY[sdk=macosx*]" = "Apple Development";
				CODE_SIGN_STYLE = Automatic;
				CURRENT_PROJECT_VERSION = 1;
				DEVELOPMENT_TEAM = Y25HCVP446;
				GENERATE_INFOPLIST_FILE = YES;
				IPHONEOS_DEPLOYMENT_TARGET = 14.0;
				MARKETING_VERSION = 1.0;
				PRODUCT_BUNDLE_IDENTIFIER = "de.kombinat-luk.FindMyFixtureTests";
				"PRODUCT_BUNDLE_IDENTIFIER[sdk=macosx*]" = "";
				PRODUCT_NAME = "$(TARGET_NAME)";
				PROVISIONING_PROFILE_SPECIFIER = "";
				"PROVISIONING_PROFILE_SPECIFIER[sdk=macosx*]" = "";
				SWIFT_EMIT_LOC_STRINGS = NO;
				SWIFT_VERSION = 5.0;
				TARGETED_DEVICE_FAMILY = "1,2";
				TEST_HOST = "$(BUILT_PRODUCTS_DIR)/FindMyFixture.app/FindMyFixture";
			};
			name = Release;
		};
/* End XCBuildConfiguration section */

/* Begin XCConfigurationList section */
		3FBE1D932671492B003AF4D3 /* Build configuration list for PBXProject "FindMyFixture" */ = {
			isa = XCConfigurationList;
			buildConfigurations = (
				3FBE1DA52671492C003AF4D3 /* Debug */,
				3FBE1DA62671492C003AF4D3 /* Release */,
			);
			defaultConfigurationIsVisible = 0;
			defaultConfigurationName = Release;
		};
		3FBE1DA72671492C003AF4D3 /* Build configuration list for PBXNativeTarget "FindMyFixture" */ = {
			isa = XCConfigurationList;
			buildConfigurations = (
				3FBE1DA82671492C003AF4D3 /* Debug */,
				3FBE1DA92671492C003AF4D3 /* Release */,
			);
			defaultConfigurationIsVisible = 0;
			defaultConfigurationName = Release;
		};
		9E78D1E127B29B450077AB05 /* Build configuration list for PBXNativeTarget "FindMyFixtureTests" */ = {
			isa = XCConfigurationList;
			buildConfigurations = (
				9E78D1E227B29B450077AB05 /* Debug */,
				9E78D1E327B29B450077AB05 /* Release */,
			);
			defaultConfigurationIsVisible = 0;
			defaultConfigurationName = Release;
		};
/* End XCConfigurationList section */
	};
	rootObject = 3FBE1D902671492B003AF4D3 /* Project object */;
}
